// !$*UTF8*$!
{
	archiveVersion = 1;
	classes = {
	};
	objectVersion = 55;
	objects = {

/* Begin PBXBuildFile section */
		732DBCF32859E2AB0064FE7E /* AppDelegate.swift in Sources */ = {isa = PBXBuildFile; fileRef = 732DBCF22859E2AB0064FE7E /* AppDelegate.swift */; };
		732DBCF52859E2AB0064FE7E /* SceneDelegate.swift in Sources */ = {isa = PBXBuildFile; fileRef = 732DBCF42859E2AB0064FE7E /* SceneDelegate.swift */; };
		732DBCF72859E2AB0064FE7E /* ViewController.swift in Sources */ = {isa = PBXBuildFile; fileRef = 732DBCF62859E2AB0064FE7E /* ViewController.swift */; };
		732DBCFA2859E2AB0064FE7E /* Main.storyboard in Resources */ = {isa = PBXBuildFile; fileRef = 732DBCF82859E2AB0064FE7E /* Main.storyboard */; };
		732DBCFC2859E2B30064FE7E /* Assets.xcassets in Resources */ = {isa = PBXBuildFile; fileRef = 732DBCFB2859E2B30064FE7E /* Assets.xcassets */; };
		732DBCFF2859E2B30064FE7E /* LaunchScreen.storyboard in Resources */ = {isa = PBXBuildFile; fileRef = 732DBCFD2859E2B30064FE7E /* LaunchScreen.storyboard */; };
		732DBD0A2859E2B40064FE7E /* ContactsTests.swift in Sources */ = {isa = PBXBuildFile; fileRef = 732DBD092859E2B40064FE7E /* ContactsTests.swift */; };
		732DBD142859E2B40064FE7E /* ContactsUITests.swift in Sources */ = {isa = PBXBuildFile; fileRef = 732DBD132859E2B40064FE7E /* ContactsUITests.swift */; };
		732DBD162859E2B40064FE7E /* ContactsUITestsLaunchTests.swift in Sources */ = {isa = PBXBuildFile; fileRef = 732DBD152859E2B40064FE7E /* ContactsUITestsLaunchTests.swift */; };
		732DBD24285A1DA40064FE7E /* Contact.swift in Sources */ = {isa = PBXBuildFile; fileRef = 732DBD23285A1DA40064FE7E /* Contact.swift */; };
		732DBD2B285C836D0064FE7E /* HeaderCell.swift in Sources */ = {isa = PBXBuildFile; fileRef = 732DBD2A285C836C0064FE7E /* HeaderCell.swift */; };
		732DBD2D285C83AD0064FE7E /* CustomHeaderView.xib in Resources */ = {isa = PBXBuildFile; fileRef = 732DBD2C285C83AD0064FE7E /* CustomHeaderView.xib */; };
		732DBD35285CEF6A0064FE7E /* DetailViewController.swift in Sources */ = {isa = PBXBuildFile; fileRef = 732DBD34285CEF6A0064FE7E /* DetailViewController.swift */; };
/* End PBXBuildFile section */

/* Begin PBXContainerItemProxy section */
		732DBD062859E2B40064FE7E /* PBXContainerItemProxy */ = {
			isa = PBXContainerItemProxy;
			containerPortal = 732DBCE72859E2AA0064FE7E /* Project object */;
			proxyType = 1;
			remoteGlobalIDString = 732DBCEE2859E2AA0064FE7E;
			remoteInfo = Contacts;
		};
		732DBD102859E2B40064FE7E /* PBXContainerItemProxy */ = {
			isa = PBXContainerItemProxy;
			containerPortal = 732DBCE72859E2AA0064FE7E /* Project object */;
			proxyType = 1;
			remoteGlobalIDString = 732DBCEE2859E2AA0064FE7E;
			remoteInfo = Contacts;
		};
/* End PBXContainerItemProxy section */

/* Begin PBXFileReference section */
		732DBCEF2859E2AA0064FE7E /* Contacts.app */ = {isa = PBXFileReference; explicitFileType = wrapper.application; includeInIndex = 0; path = Contacts.app; sourceTree = BUILT_PRODUCTS_DIR; };
		732DBCF22859E2AB0064FE7E /* AppDelegate.swift */ = {isa = PBXFileReference; lastKnownFileType = sourcecode.swift; path = AppDelegate.swift; sourceTree = "<group>"; };
		732DBCF42859E2AB0064FE7E /* SceneDelegate.swift */ = {isa = PBXFileReference; lastKnownFileType = sourcecode.swift; path = SceneDelegate.swift; sourceTree = "<group>"; };
		732DBCF62859E2AB0064FE7E /* ViewController.swift */ = {isa = PBXFileReference; lastKnownFileType = sourcecode.swift; path = ViewController.swift; sourceTree = "<group>"; };
		732DBCF92859E2AB0064FE7E /* Base */ = {isa = PBXFileReference; lastKnownFileType = file.storyboard; name = Base; path = Base.lproj/Main.storyboard; sourceTree = "<group>"; };
		732DBCFB2859E2B30064FE7E /* Assets.xcassets */ = {isa = PBXFileReference; lastKnownFileType = folder.assetcatalog; path = Assets.xcassets; sourceTree = "<group>"; };
		732DBCFE2859E2B30064FE7E /* Base */ = {isa = PBXFileReference; lastKnownFileType = file.storyboard; name = Base; path = Base.lproj/LaunchScreen.storyboard; sourceTree = "<group>"; };
		732DBD002859E2B30064FE7E /* Info.plist */ = {isa = PBXFileReference; lastKnownFileType = text.plist.xml; path = Info.plist; sourceTree = "<group>"; };
		732DBD052859E2B40064FE7E /* ContactsTests.xctest */ = {isa = PBXFileReference; explicitFileType = wrapper.cfbundle; includeInIndex = 0; path = ContactsTests.xctest; sourceTree = BUILT_PRODUCTS_DIR; };
		732DBD092859E2B40064FE7E /* ContactsTests.swift */ = {isa = PBXFileReference; lastKnownFileType = sourcecode.swift; path = ContactsTests.swift; sourceTree = "<group>"; };
		732DBD0F2859E2B40064FE7E /* ContactsUITests.xctest */ = {isa = PBXFileReference; explicitFileType = wrapper.cfbundle; includeInIndex = 0; path = ContactsUITests.xctest; sourceTree = BUILT_PRODUCTS_DIR; };
		732DBD132859E2B40064FE7E /* ContactsUITests.swift */ = {isa = PBXFileReference; lastKnownFileType = sourcecode.swift; path = ContactsUITests.swift; sourceTree = "<group>"; };
		732DBD152859E2B40064FE7E /* ContactsUITestsLaunchTests.swift */ = {isa = PBXFileReference; lastKnownFileType = sourcecode.swift; path = ContactsUITestsLaunchTests.swift; sourceTree = "<group>"; };
		732DBD23285A1DA40064FE7E /* Contact.swift */ = {isa = PBXFileReference; lastKnownFileType = sourcecode.swift; path = Contact.swift; sourceTree = "<group>"; };
		732DBD2A285C836C0064FE7E /* HeaderCell.swift */ = {isa = PBXFileReference; lastKnownFileType = sourcecode.swift; path = HeaderCell.swift; sourceTree = "<group>"; };
		732DBD2C285C83AD0064FE7E /* CustomHeaderView.xib */ = {isa = PBXFileReference; lastKnownFileType = file.xib; path = CustomHeaderView.xib; sourceTree = "<group>"; };
		732DBD34285CEF6A0064FE7E /* DetailViewController.swift */ = {isa = PBXFileReference; lastKnownFileType = sourcecode.swift; path = DetailViewController.swift; sourceTree = "<group>"; };
/* End PBXFileReference section */

/* Begin PBXFrameworksBuildPhase section */
		732DBCEC2859E2AA0064FE7E /* Frameworks */ = {
			isa = PBXFrameworksBuildPhase;
			buildActionMask = 2147483647;
			files = (
			);
			runOnlyForDeploymentPostprocessing = 0;
		};
		732DBD022859E2B40064FE7E /* Frameworks */ = {
			isa = PBXFrameworksBuildPhase;
			buildActionMask = 2147483647;
			files = (
			);
			runOnlyForDeploymentPostprocessing = 0;
		};
		732DBD0C2859E2B40064FE7E /* Frameworks */ = {
			isa = PBXFrameworksBuildPhase;
			buildActionMask = 2147483647;
			files = (
			);
			runOnlyForDeploymentPostprocessing = 0;
		};
/* End PBXFrameworksBuildPhase section */

/* Begin PBXGroup section */
		732DBCE62859E2AA0064FE7E = {
			isa = PBXGroup;
			children = (
				732DBCF12859E2AB0064FE7E /* Contacts */,
				732DBD082859E2B40064FE7E /* ContactsTests */,
				732DBD122859E2B40064FE7E /* ContactsUITests */,
				732DBCF02859E2AA0064FE7E /* Products */,
			);
			sourceTree = "<group>";
		};
		732DBCF02859E2AA0064FE7E /* Products */ = {
			isa = PBXGroup;
			children = (
				732DBCEF2859E2AA0064FE7E /* Contacts.app */,
				732DBD052859E2B40064FE7E /* ContactsTests.xctest */,
				732DBD0F2859E2B40064FE7E /* ContactsUITests.xctest */,
			);
			name = Products;
			sourceTree = "<group>";
		};
		732DBCF12859E2AB0064FE7E /* Contacts */ = {
			isa = PBXGroup;
			children = (
				732DBCF22859E2AB0064FE7E /* AppDelegate.swift */,
				732DBCF42859E2AB0064FE7E /* SceneDelegate.swift */,
				732DBD002859E2B30064FE7E /* Info.plist */,
				732DBD28285B90750064FE7E /* View */,
				732DBD22285A1D100064FE7E /* Model */,
				732DBD29285B90C00064FE7E /* Controller */,
				732DBCFB2859E2B30064FE7E /* Assets.xcassets */,
				732DBCFD2859E2B30064FE7E /* LaunchScreen.storyboard */,
			);
			path = Contacts;
			sourceTree = "<group>";
		};
		732DBD082859E2B40064FE7E /* ContactsTests */ = {
			isa = PBXGroup;
			children = (
				732DBD092859E2B40064FE7E /* ContactsTests.swift */,
			);
			path = ContactsTests;
			sourceTree = "<group>";
		};
		732DBD122859E2B40064FE7E /* ContactsUITests */ = {
			isa = PBXGroup;
			children = (
				732DBD132859E2B40064FE7E /* ContactsUITests.swift */,
				732DBD152859E2B40064FE7E /* ContactsUITestsLaunchTests.swift */,
			);
			path = ContactsUITests;
			sourceTree = "<group>";
		};
		732DBD22285A1D100064FE7E /* Model */ = {
			isa = PBXGroup;
			children = (
				732DBD23285A1DA40064FE7E /* Contact.swift */,
			);
			path = Model;
			sourceTree = "<group>";
		};
		732DBD28285B90750064FE7E /* View */ = {
			isa = PBXGroup;
			children = (
				732DBCF82859E2AB0064FE7E /* Main.storyboard */,
				732DBD2C285C83AD0064FE7E /* CustomHeaderView.xib */,
			);
			path = View;
			sourceTree = "<group>";
		};
		732DBD29285B90C00064FE7E /* Controller */ = {
			isa = PBXGroup;
			children = (
				732DBD2A285C836C0064FE7E /* HeaderCell.swift */,
				732DBCF62859E2AB0064FE7E /* ViewController.swift */,
				732DBD34285CEF6A0064FE7E /* DetailViewController.swift */,
			);
			path = Controller;
			sourceTree = "<group>";
		};
/* End PBXGroup section */

/* Begin PBXNativeTarget section */
		732DBCEE2859E2AA0064FE7E /* Contacts */ = {
			isa = PBXNativeTarget;
			buildConfigurationList = 732DBD192859E2B40064FE7E /* Build configuration list for PBXNativeTarget "Contacts" */;
			buildPhases = (
				732DBCEB2859E2AA0064FE7E /* Sources */,
				732DBCEC2859E2AA0064FE7E /* Frameworks */,
				732DBCED2859E2AA0064FE7E /* Resources */,
			);
			buildRules = (
			);
			dependencies = (
			);
			name = Contacts;
			productName = Contacts;
			productReference = 732DBCEF2859E2AA0064FE7E /* Contacts.app */;
			productType = "com.apple.product-type.application";
		};
		732DBD042859E2B40064FE7E /* ContactsTests */ = {
			isa = PBXNativeTarget;
			buildConfigurationList = 732DBD1C2859E2B40064FE7E /* Build configuration list for PBXNativeTarget "ContactsTests" */;
			buildPhases = (
				732DBD012859E2B40064FE7E /* Sources */,
				732DBD022859E2B40064FE7E /* Frameworks */,
				732DBD032859E2B40064FE7E /* Resources */,
			);
			buildRules = (
			);
			dependencies = (
				732DBD072859E2B40064FE7E /* PBXTargetDependency */,
			);
			name = ContactsTests;
			productName = ContactsTests;
			productReference = 732DBD052859E2B40064FE7E /* ContactsTests.xctest */;
			productType = "com.apple.product-type.bundle.unit-test";
		};
		732DBD0E2859E2B40064FE7E /* ContactsUITests */ = {
			isa = PBXNativeTarget;
			buildConfigurationList = 732DBD1F2859E2B40064FE7E /* Build configuration list for PBXNativeTarget "ContactsUITests" */;
			buildPhases = (
				732DBD0B2859E2B40064FE7E /* Sources */,
				732DBD0C2859E2B40064FE7E /* Frameworks */,
				732DBD0D2859E2B40064FE7E /* Resources */,
			);
			buildRules = (
			);
			dependencies = (
				732DBD112859E2B40064FE7E /* PBXTargetDependency */,
			);
			name = ContactsUITests;
			productName = ContactsUITests;
			productReference = 732DBD0F2859E2B40064FE7E /* ContactsUITests.xctest */;
			productType = "com.apple.product-type.bundle.ui-testing";
		};
/* End PBXNativeTarget section */

/* Begin PBXProject section */
		732DBCE72859E2AA0064FE7E /* Project object */ = {
			isa = PBXProject;
			attributes = {
				BuildIndependentTargetsInParallel = 1;
				LastSwiftUpdateCheck = 1340;
				LastUpgradeCheck = 1340;
				TargetAttributes = {
					732DBCEE2859E2AA0064FE7E = {
						CreatedOnToolsVersion = 13.4.1;
					};
					732DBD042859E2B40064FE7E = {
						CreatedOnToolsVersion = 13.4.1;
						TestTargetID = 732DBCEE2859E2AA0064FE7E;
					};
					732DBD0E2859E2B40064FE7E = {
						CreatedOnToolsVersion = 13.4.1;
						TestTargetID = 732DBCEE2859E2AA0064FE7E;
					};
				};
			};
			buildConfigurationList = 732DBCEA2859E2AA0064FE7E /* Build configuration list for PBXProject "Contacts" */;
			compatibilityVersion = "Xcode 13.0";
			developmentRegion = en;
			hasScannedForEncodings = 0;
			knownRegions = (
				en,
				Base,
			);
			mainGroup = 732DBCE62859E2AA0064FE7E;
			productRefGroup = 732DBCF02859E2AA0064FE7E /* Products */;
			projectDirPath = "";
			projectRoot = "";
			targets = (
				732DBCEE2859E2AA0064FE7E /* Contacts */,
				732DBD042859E2B40064FE7E /* ContactsTests */,
				732DBD0E2859E2B40064FE7E /* ContactsUITests */,
			);
		};
/* End PBXProject section */

/* Begin PBXResourcesBuildPhase section */
		732DBCED2859E2AA0064FE7E /* Resources */ = {
			isa = PBXResourcesBuildPhase;
			buildActionMask = 2147483647;
			files = (
				732DBD2D285C83AD0064FE7E /* CustomHeaderView.xib in Resources */,
				732DBCFF2859E2B30064FE7E /* LaunchScreen.storyboard in Resources */,
				732DBCFC2859E2B30064FE7E /* Assets.xcassets in Resources */,
				732DBCFA2859E2AB0064FE7E /* Main.storyboard in Resources */,
			);
			runOnlyForDeploymentPostprocessing = 0;
		};
		732DBD032859E2B40064FE7E /* Resources */ = {
			isa = PBXResourcesBuildPhase;
			buildActionMask = 2147483647;
			files = (
			);
			runOnlyForDeploymentPostprocessing = 0;
		};
		732DBD0D2859E2B40064FE7E /* Resources */ = {
			isa = PBXResourcesBuildPhase;
			buildActionMask = 2147483647;
			files = (
			);
			runOnlyForDeploymentPostprocessing = 0;
		};
/* End PBXResourcesBuildPhase section */

/* Begin PBXSourcesBuildPhase section */
		732DBCEB2859E2AA0064FE7E /* Sources */ = {
			isa = PBXSourcesBuildPhase;
			buildActionMask = 2147483647;
			files = (
				732DBD2B285C836D0064FE7E /* HeaderCell.swift in Sources */,
				732DBCF72859E2AB0064FE7E /* ViewController.swift in Sources */,
				732DBD24285A1DA40064FE7E /* Contact.swift in Sources */,
				732DBD35285CEF6A0064FE7E /* DetailViewController.swift in Sources */,
				732DBCF32859E2AB0064FE7E /* AppDelegate.swift in Sources */,
				732DBCF52859E2AB0064FE7E /* SceneDelegate.swift in Sources */,
			);
			runOnlyForDeploymentPostprocessing = 0;
		};
		732DBD012859E2B40064FE7E /* Sources */ = {
			isa = PBXSourcesBuildPhase;
			buildActionMask = 2147483647;
			files = (
				732DBD0A2859E2B40064FE7E /* ContactsTests.swift in Sources */,
			);
			runOnlyForDeploymentPostprocessing = 0;
		};
		732DBD0B2859E2B40064FE7E /* Sources */ = {
			isa = PBXSourcesBuildPhase;
			buildActionMask = 2147483647;
			files = (
				732DBD162859E2B40064FE7E /* ContactsUITestsLaunchTests.swift in Sources */,
				732DBD142859E2B40064FE7E /* ContactsUITests.swift in Sources */,
			);
			runOnlyForDeploymentPostprocessing = 0;
		};
/* End PBXSourcesBuildPhase section */

/* Begin PBXTargetDependency section */
		732DBD072859E2B40064FE7E /* PBXTargetDependency */ = {
			isa = PBXTargetDependency;
			target = 732DBCEE2859E2AA0064FE7E /* Contacts */;
			targetProxy = 732DBD062859E2B40064FE7E /* PBXContainerItemProxy */;
		};
		732DBD112859E2B40064FE7E /* PBXTargetDependency */ = {
			isa = PBXTargetDependency;
			target = 732DBCEE2859E2AA0064FE7E /* Contacts */;
			targetProxy = 732DBD102859E2B40064FE7E /* PBXContainerItemProxy */;
		};
/* End PBXTargetDependency section */

/* Begin PBXVariantGroup section */
		732DBCF82859E2AB0064FE7E /* Main.storyboard */ = {
			isa = PBXVariantGroup;
			children = (
				732DBCF92859E2AB0064FE7E /* Base */,
			);
			name = Main.storyboard;
			sourceTree = "<group>";
		};
		732DBCFD2859E2B30064FE7E /* LaunchScreen.storyboard */ = {
			isa = PBXVariantGroup;
			children = (
				732DBCFE2859E2B30064FE7E /* Base */,
			);
			name = LaunchScreen.storyboard;
			sourceTree = "<group>";
		};
/* End PBXVariantGroup section */

/* Begin XCBuildConfiguration section */
		732DBD172859E2B40064FE7E /* Debug */ = {
			isa = XCBuildConfiguration;
			buildSettings = {
				ALWAYS_SEARCH_USER_PATHS = NO;
				CLANG_ANALYZER_NONNULL = YES;
				CLANG_ANALYZER_NUMBER_OBJECT_CONVERSION = YES_AGGRESSIVE;
				CLANG_CXX_LANGUAGE_STANDARD = "gnu++17";
				CLANG_ENABLE_MODULES = YES;
				CLANG_ENABLE_OBJC_ARC = YES;
				CLANG_ENABLE_OBJC_WEAK = YES;
				CLANG_WARN_BLOCK_CAPTURE_AUTORELEASING = YES;
				CLANG_WARN_BOOL_CONVERSION = YES;
				CLANG_WARN_COMMA = YES;
				CLANG_WARN_CONSTANT_CONVERSION = YES;
				CLANG_WARN_DEPRECATED_OBJC_IMPLEMENTATIONS = YES;
				CLANG_WARN_DIRECT_OBJC_ISA_USAGE = YES_ERROR;
				CLANG_WARN_DOCUMENTATION_COMMENTS = YES;
				CLANG_WARN_EMPTY_BODY = YES;
				CLANG_WARN_ENUM_CONVERSION = YES;
				CLANG_WARN_INFINITE_RECURSION = YES;
				CLANG_WARN_INT_CONVERSION = YES;
				CLANG_WARN_NON_LITERAL_NULL_CONVERSION = YES;
				CLANG_WARN_OBJC_IMPLICIT_RETAIN_SELF = YES;
				CLANG_WARN_OBJC_LITERAL_CONVERSION = YES;
				CLANG_WARN_OBJC_ROOT_CLASS = YES_ERROR;
				CLANG_WARN_QUOTED_INCLUDE_IN_FRAMEWORK_HEADER = YES;
				CLANG_WARN_RANGE_LOOP_ANALYSIS = YES;
				CLANG_WARN_STRICT_PROTOTYPES = YES;
				CLANG_WARN_SUSPICIOUS_MOVE = YES;
				CLANG_WARN_UNGUARDED_AVAILABILITY = YES_AGGRESSIVE;
				CLANG_WARN_UNREACHABLE_CODE = YES;
				CLANG_WARN__DUPLICATE_METHOD_MATCH = YES;
				COPY_PHASE_STRIP = NO;
				DEBUG_INFORMATION_FORMAT = dwarf;
				ENABLE_STRICT_OBJC_MSGSEND = YES;
				ENABLE_TESTABILITY = YES;
				GCC_C_LANGUAGE_STANDARD = gnu11;
				GCC_DYNAMIC_NO_PIC = NO;
				GCC_NO_COMMON_BLOCKS = YES;
				GCC_OPTIMIZATION_LEVEL = 0;
				GCC_PREPROCESSOR_DEFINITIONS = (
					"DEBUG=1",
					"$(inherited)",
				);
				GCC_WARN_64_TO_32_BIT_CONVERSION = YES;
				GCC_WARN_ABOUT_RETURN_TYPE = YES_ERROR;
				GCC_WARN_UNDECLARED_SELECTOR = YES;
				GCC_WARN_UNINITIALIZED_AUTOS = YES_AGGRESSIVE;
				GCC_WARN_UNUSED_FUNCTION = YES;
				GCC_WARN_UNUSED_VARIABLE = YES;
				IPHONEOS_DEPLOYMENT_TARGET = 15.5;
				MTL_ENABLE_DEBUG_INFO = INCLUDE_SOURCE;
				MTL_FAST_MATH = YES;
				ONLY_ACTIVE_ARCH = YES;
				SDKROOT = iphoneos;
				SWIFT_ACTIVE_COMPILATION_CONDITIONS = DEBUG;
				SWIFT_OPTIMIZATION_LEVEL = "-Onone";
			};
			name = Debug;
		};
		732DBD182859E2B40064FE7E /* Release */ = {
			isa = XCBuildConfiguration;
			buildSettings = {
				ALWAYS_SEARCH_USER_PATHS = NO;
				CLANG_ANALYZER_NONNULL = YES;
				CLANG_ANALYZER_NUMBER_OBJECT_CONVERSION = YES_AGGRESSIVE;
				CLANG_CXX_LANGUAGE_STANDARD = "gnu++17";
				CLANG_ENABLE_MODULES = YES;
				CLANG_ENABLE_OBJC_ARC = YES;
				CLANG_ENABLE_OBJC_WEAK = YES;
				CLANG_WARN_BLOCK_CAPTURE_AUTORELEASING = YES;
				CLANG_WARN_BOOL_CONVERSION = YES;
				CLANG_WARN_COMMA = YES;
				CLANG_WARN_CONSTANT_CONVERSION = YES;
				CLANG_WARN_DEPRECATED_OBJC_IMPLEMENTATIONS = YES;
				CLANG_WARN_DIRECT_OBJC_ISA_USAGE = YES_ERROR;
				CLANG_WARN_DOCUMENTATION_COMMENTS = YES;
				CLANG_WARN_EMPTY_BODY = YES;
				CLANG_WARN_ENUM_CONVERSION = YES;
				CLANG_WARN_INFINITE_RECURSION = YES;
				CLANG_WARN_INT_CONVERSION = YES;
				CLANG_WARN_NON_LITERAL_NULL_CONVERSION = YES;
				CLANG_WARN_OBJC_IMPLICIT_RETAIN_SELF = YES;
				CLANG_WARN_OBJC_LITERAL_CONVERSION = YES;
				CLANG_WARN_OBJC_ROOT_CLASS = YES_ERROR;
				CLANG_WARN_QUOTED_INCLUDE_IN_FRAMEWORK_HEADER = YES;
				CLANG_WARN_RANGE_LOOP_ANALYSIS = YES;
				CLANG_WARN_STRICT_PROTOTYPES = YES;
				CLANG_WARN_SUSPICIOUS_MOVE = YES;
				CLANG_WARN_UNGUARDED_AVAILABILITY = YES_AGGRESSIVE;
				CLANG_WARN_UNREACHABLE_CODE = YES;
				CLANG_WARN__DUPLICATE_METHOD_MATCH = YES;
				COPY_PHASE_STRIP = NO;
				DEBUG_INFORMATION_FORMAT = "dwarf-with-dsym";
				ENABLE_NS_ASSERTIONS = NO;
				ENABLE_STRICT_OBJC_MSGSEND = YES;
				GCC_C_LANGUAGE_STANDARD = gnu11;
				GCC_NO_COMMON_BLOCKS = YES;
				GCC_WARN_64_TO_32_BIT_CONVERSION = YES;
				GCC_WARN_ABOUT_RETURN_TYPE = YES_ERROR;
				GCC_WARN_UNDECLARED_SELECTOR = YES;
				GCC_WARN_UNINITIALIZED_AUTOS = YES_AGGRESSIVE;
				GCC_WARN_UNUSED_FUNCTION = YES;
				GCC_WARN_UNUSED_VARIABLE = YES;
				IPHONEOS_DEPLOYMENT_TARGET = 15.5;
				MTL_ENABLE_DEBUG_INFO = NO;
				MTL_FAST_MATH = YES;
				SDKROOT = iphoneos;
				SWIFT_COMPILATION_MODE = wholemodule;
				SWIFT_OPTIMIZATION_LEVEL = "-O";
				VALIDATE_PRODUCT = YES;
			};
			name = Release;
		};
		732DBD1A2859E2B40064FE7E /* Debug */ = {
			isa = XCBuildConfiguration;
			buildSettings = {
				ASSETCATALOG_COMPILER_APPICON_NAME = AppIcon;
				ASSETCATALOG_COMPILER_GLOBAL_ACCENT_COLOR_NAME = AccentColor;
				CODE_SIGN_STYLE = Automatic;
				CURRENT_PROJECT_VERSION = 1;
				DEVELOPMENT_TEAM = 83D5LSM6KM;
				GENERATE_INFOPLIST_FILE = YES;
				INFOPLIST_FILE = Contacts/Info.plist;
				INFOPLIST_KEY_UIApplicationSupportsIndirectInputEvents = YES;
				INFOPLIST_KEY_UILaunchStoryboardName = LaunchScreen;
				INFOPLIST_KEY_UIMainStoryboardFile = Main;
				INFOPLIST_KEY_UISupportedInterfaceOrientations_iPad = "UIInterfaceOrientationPortrait UIInterfaceOrientationPortraitUpsideDown UIInterfaceOrientationLandscapeLeft UIInterfaceOrientationLandscapeRight";
				INFOPLIST_KEY_UISupportedInterfaceOrientations_iPhone = "UIInterfaceOrientationPortrait UIInterfaceOrientationLandscapeLeft UIInterfaceOrientationLandscapeRight";
				LD_RUNPATH_SEARCH_PATHS = (
					"$(inherited)",
					"@executable_path/Frameworks",
				);
				MARKETING_VERSION = 1.0;
				PRODUCT_BUNDLE_IDENTIFIER = com.holengine.Contacts;
				PRODUCT_NAME = "$(TARGET_NAME)";
				SWIFT_EMIT_LOC_STRINGS = YES;
				SWIFT_VERSION = 5.0;
				TARGETED_DEVICE_FAMILY = "1,2";
			};
			name = Debug;
		};
		732DBD1B2859E2B40064FE7E /* Release */ = {
			isa = XCBuildConfiguration;
			buildSettings = {
				ASSETCATALOG_COMPILER_APPICON_NAME = AppIcon;
				ASSETCATALOG_COMPILER_GLOBAL_ACCENT_COLOR_NAME = AccentColor;
				CODE_SIGN_STYLE = Automatic;
				CURRENT_PROJECT_VERSION = 1;
				DEVELOPMENT_TEAM = 83D5LSM6KM;
				GENERATE_INFOPLIST_FILE = YES;
				INFOPLIST_FILE = Contacts/Info.plist;
				INFOPLIST_KEY_UIApplicationSupportsIndirectInputEvents = YES;
				INFOPLIST_KEY_UILaunchStoryboardName = LaunchScreen;
				INFOPLIST_KEY_UIMainStoryboardFile = Main;
				INFOPLIST_KEY_UISupportedInterfaceOrientations_iPad = "UIInterfaceOrientationPortrait UIInterfaceOrientationPortraitUpsideDown UIInterfaceOrientationLandscapeLeft UIInterfaceOrientationLandscapeRight";
				INFOPLIST_KEY_UISupportedInterfaceOrientations_iPhone = "UIInterfaceOrientationPortrait UIInterfaceOrientationLandscapeLeft UIInterfaceOrientationLandscapeRight";
				LD_RUNPATH_SEARCH_PATHS = (
					"$(inherited)",
					"@executable_path/Frameworks",
				);
				MARKETING_VERSION = 1.0;
				PRODUCT_BUNDLE_IDENTIFIER = com.holengine.Contacts;
				PRODUCT_NAME = "$(TARGET_NAME)";
				SWIFT_EMIT_LOC_STRINGS = YES;
				SWIFT_VERSION = 5.0;
				TARGETED_DEVICE_FAMILY = "1,2";
			};
			name = Release;
		};
		732DBD1D2859E2B40064FE7E /* Debug */ = {
			isa = XCBuildConfiguration;
			buildSettings = {
				ALWAYS_EMBED_SWIFT_STANDARD_LIBRARIES = YES;
				BUNDLE_LOADER = "$(TEST_HOST)";
				CODE_SIGN_STYLE = Automatic;
				CURRENT_PROJECT_VERSION = 1;
				DEVELOPMENT_TEAM = 83D5LSM6KM;
				GENERATE_INFOPLIST_FILE = YES;
				IPHONEOS_DEPLOYMENT_TARGET = 15.5;
				MARKETING_VERSION = 1.0;
				PRODUCT_BUNDLE_IDENTIFIER = com.holengine.ContactsTests;
				PRODUCT_NAME = "$(TARGET_NAME)";
				SWIFT_EMIT_LOC_STRINGS = NO;
				SWIFT_VERSION = 5.0;
				TARGETED_DEVICE_FAMILY = "1,2";
				TEST_HOST = "$(BUILT_PRODUCTS_DIR)/Contacts.app/Contacts";
			};
			name = Debug;
		};
		732DBD1E2859E2B40064FE7E /* Release */ = {
			isa = XCBuildConfiguration;
			buildSettings = {
				ALWAYS_EMBED_SWIFT_STANDARD_LIBRARIES = YES;
				BUNDLE_LOADER = "$(TEST_HOST)";
				CODE_SIGN_STYLE = Automatic;
				CURRENT_PROJECT_VERSION = 1;
				DEVELOPMENT_TEAM = 83D5LSM6KM;
				GENERATE_INFOPLIST_FILE = YES;
				IPHONEOS_DEPLOYMENT_TARGET = 15.5;
				MARKETING_VERSION = 1.0;
				PRODUCT_BUNDLE_IDENTIFIER = com.holengine.ContactsTests;
				PRODUCT_NAME = "$(TARGET_NAME)";
				SWIFT_EMIT_LOC_STRINGS = NO;
				SWIFT_VERSION = 5.0;
				TARGETED_DEVICE_FAMILY = "1,2";
				TEST_HOST = "$(BUILT_PRODUCTS_DIR)/Contacts.app/Contacts";
			};
			name = Release;
		};
		732DBD202859E2B40064FE7E /* Debug */ = {
			isa = XCBuildConfiguration;
			buildSettings = {
				ALWAYS_EMBED_SWIFT_STANDARD_LIBRARIES = YES;
				CODE_SIGN_STYLE = Automatic;
				CURRENT_PROJECT_VERSION = 1;
				DEVELOPMENT_TEAM = 83D5LSM6KM;
				GENERATE_INFOPLIST_FILE = YES;
				MARKETING_VERSION = 1.0;
				PRODUCT_BUNDLE_IDENTIFIER = com.holengine.ContactsUITests;
				PRODUCT_NAME = "$(TARGET_NAME)";
				SWIFT_EMIT_LOC_STRINGS = NO;
				SWIFT_VERSION = 5.0;
				TARGETED_DEVICE_FAMILY = "1,2";
				TEST_TARGET_NAME = Contacts;
			};
			name = Debug;
		};
		732DBD212859E2B40064FE7E /* Release */ = {
			isa = XCBuildConfiguration;
			buildSettings = {
				ALWAYS_EMBED_SWIFT_STANDARD_LIBRARIES = YES;
				CODE_SIGN_STYLE = Automatic;
				CURRENT_PROJECT_VERSION = 1;
				DEVELOPMENT_TEAM = 83D5LSM6KM;
				GENERATE_INFOPLIST_FILE = YES;
				MARKETING_VERSION = 1.0;
				PRODUCT_BUNDLE_IDENTIFIER = com.holengine.ContactsUITests;
				PRODUCT_NAME = "$(TARGET_NAME)";
				SWIFT_EMIT_LOC_STRINGS = NO;
				SWIFT_VERSION = 5.0;
				TARGETED_DEVICE_FAMILY = "1,2";
				TEST_TARGET_NAME = Contacts;
			};
			name = Release;
		};
/* End XCBuildConfiguration section */

/* Begin XCConfigurationList section */
		732DBCEA2859E2AA0064FE7E /* Build configuration list for PBXProject "Contacts" */ = {
			isa = XCConfigurationList;
			buildConfigurations = (
				732DBD172859E2B40064FE7E /* Debug */,
				732DBD182859E2B40064FE7E /* Release */,
			);
			defaultConfigurationIsVisible = 0;
			defaultConfigurationName = Release;
		};
		732DBD192859E2B40064FE7E /* Build configuration list for PBXNativeTarget "Contacts" */ = {
			isa = XCConfigurationList;
			buildConfigurations = (
				732DBD1A2859E2B40064FE7E /* Debug */,
				732DBD1B2859E2B40064FE7E /* Release */,
			);
			defaultConfigurationIsVisible = 0;
			defaultConfigurationName = Release;
		};
		732DBD1C2859E2B40064FE7E /* Build configuration list for PBXNativeTarget "ContactsTests" */ = {
			isa = XCConfigurationList;
			buildConfigurations = (
				732DBD1D2859E2B40064FE7E /* Debug */,
				732DBD1E2859E2B40064FE7E /* Release */,
			);
			defaultConfigurationIsVisible = 0;
			defaultConfigurationName = Release;
		};
		732DBD1F2859E2B40064FE7E /* Build configuration list for PBXNativeTarget "ContactsUITests" */ = {
			isa = XCConfigurationList;
			buildConfigurations = (
				732DBD202859E2B40064FE7E /* Debug */,
				732DBD212859E2B40064FE7E /* Release */,
			);
			defaultConfigurationIsVisible = 0;
			defaultConfigurationName = Release;
		};
/* End XCConfigurationList section */
	};
	rootObject = 732DBCE72859E2AA0064FE7E /* Project object */;
}
